
Microsoft Visual Studio Solution File, Format Version 12.00
Project("{FAE04EC0-301F-11D3-BF4B-00C04F79EFBC}") = "RainSeek", "RainSeek\RainSeek.csproj", "{DAB1D5BB-F4AF-4DAB-A97A-FD223F14426B}"
EndProject
Project("{FAE04EC0-301F-11D3-BF4B-00C04F79EFBC}") = "RainSeek.Test", "RainSeek.Test\RainSeek.Test.csproj", "{96E7984E-144A-4C2F-91D9-47BB57AD0E86}"
EndProject
Global
	GlobalSection(SolutionConfigurationPlatforms) = preSolution
		Debug|Any CPU = Debug|Any CPU
		Release|Any CPU = Release|Any CPU
	EndGlobalSection
	GlobalSection(ProjectConfigurationPlatforms) = postSolution
		{DAB1D5BB-F4AF-4DAB-A97A-FD223F14426B}.Debug|Any CPU.ActiveCfg = Debug|Any CPU
		{DAB1D5BB-F4AF-4DAB-A97A-FD223F14426B}.Debug|Any CPU.Build.0 = Debug|Any CPU
		{DAB1D5BB-F4AF-4DAB-A97A-FD223F14426B}.Release|Any CPU.ActiveCfg = Release|Any CPU
		{DAB1D5BB-F4AF-4DAB-A97A-FD223F14426B}.Release|Any CPU.Build.0 = Release|Any CPU
		{96E7984E-144A-4C2F-91D9-47BB57AD0E86}.Debug|Any CPU.ActiveCfg = Debug|Any CPU
		{96E7984E-144A-4C2F-91D9-47BB57AD0E86}.Debug|Any CPU.Build.0 = Debug|Any CPU
		{96E7984E-144A-4C2F-91D9-47BB57AD0E86}.Release|Any CPU.ActiveCfg = Release|Any CPU
		{96E7984E-144A-4C2F-91D9-47BB57AD0E86}.Release|Any CPU.Build.0 = Release|Any CPU
	EndGlobalSection
EndGlobal
